
Microsoft Visual Studio Solution File, Format Version 12.00
# Visual Studio Version 17
VisualStudioVersion = 17.14.36221.1 d17.14
MinimumVisualStudioVersion = 10.0.40219.1
Project("{FAE04EC0-301F-11D3-BF4B-00C04F79EFBC}") = "Business", "Business\Business.csproj", "{5D757CD5-FA97-4B5D-802F-F8207EC75A51}"
EndProject
Project("{FAE04EC0-301F-11D3-BF4B-00C04F79EFBC}") = "Test.Business", "Test.Business\Test.Business.csproj", "{C4F1270F-35BB-47E7-A07D-ECA710EC2B26}"
EndProject
Global
	GlobalSection(SolutionConfigurationPlatforms) = preSolution
		Debug|Any CPU = Debug|Any CPU
		Release|Any CPU = Release|Any CPU
	EndGlobalSection
	GlobalSection(ProjectConfigurationPlatforms) = postSolution
		{5D757CD5-FA97-4B5D-802F-F8207EC75A51}.Debug|Any CPU.ActiveCfg = Debug|Any CPU
		{5D757CD5-FA97-4B5D-802F-F8207EC75A51}.Debug|Any CPU.Build.0 = Debug|Any CPU
		{5D757CD5-FA97-4B5D-802F-F8207EC75A51}.Release|Any CPU.ActiveCfg = Release|Any CPU
		{5D757CD5-FA97-4B5D-802F-F8207EC75A51}.Release|Any CPU.Build.0 = Release|Any CPU
		{C4F1270F-35BB-47E7-A07D-ECA710EC2B26}.Debug|Any CPU.ActiveCfg = Debug|Any CPU
		{C4F1270F-35BB-47E7-A07D-ECA710EC2B26}.Debug|Any CPU.Build.0 = Debug|Any CPU
		{C4F1270F-35BB-47E7-A07D-ECA710EC2B26}.Release|Any CPU.ActiveCfg = Release|Any CPU
		{C4F1270F-35BB-47E7-A07D-ECA710EC2B26}.Release|Any CPU.Build.0 = Release|Any CPU
	EndGlobalSection
	GlobalSection(SolutionProperties) = preSolution
		HideSolutionNode = FALSE
	EndGlobalSection
	GlobalSection(ExtensibilityGlobals) = postSolution
		SolutionGuid = {D8C04DE6-A2D5-4BB3-A52E-4229B0EA7E03}
	EndGlobalSection
EndGlobal
